Microsoft Visual Studio Solution File, Format Version 11.00
# Visual Studio 2008

Project("{4A4F2517-90CC-A472-15B4-6BA478E169B8}") = "PUMAS DEMOn", "Assembly-CSharp-vs.csproj", "{8F22153F-BAE3-834E-9320-F9C83474BA8E}"
EndProject
Project("{4A4F2517-90CC-A472-15B4-6BA478E169B8}") = "PUMAS DEMOn", "Assembly-CSharp-Editor-vs.csproj", "{EAFBB505-6580-F560-35E2-A2BE93AF46B1}"
EndProject
Global
	GlobalSection(SolutionConfigurationPlatforms) = preSolution
		Debug|Any CPU = Debug|Any CPU
		Release|Any CPU = Release|Any CPU
	EndGlobalSection
	GlobalSection(ProjectConfigurationPlatforms) = postSolution
		{8F22153F-BAE3-834E-9320-F9C83474BA8E}.Debug|Any CPU.ActiveCfg = Debug|Any CPU
		{8F22153F-BAE3-834E-9320-F9C83474BA8E}.Debug|Any CPU.Build.0 = Debug|Any CPU
		{8F22153F-BAE3-834E-9320-F9C83474BA8E}.Release|Any CPU.ActiveCfg = Release|Any CPU
		{8F22153F-BAE3-834E-9320-F9C83474BA8E}.Release|Any CPU.Build.0 = Release|Any CPU
		{EAFBB505-6580-F560-35E2-A2BE93AF46B1}.Debug|Any CPU.ActiveCfg = Debug|Any CPU
		{EAFBB505-6580-F560-35E2-A2BE93AF46B1}.Debug|Any CPU.Build.0 = Debug|Any CPU
		{EAFBB505-6580-F560-35E2-A2BE93AF46B1}.Release|Any CPU.ActiveCfg = Release|Any CPU
		{EAFBB505-6580-F560-35E2-A2BE93AF46B1}.Release|Any CPU.Build.0 = Release|Any CPU
	EndGlobalSection
	GlobalSection(SolutionProperties) = preSolution
		HideSolutionNode = FALSE
	EndGlobalSection
																																																				GlobalSection(MonoDevelopProperties) = preSolution
		StartupItem = Assembly-CSharp.csproj
		Policies = $0
		$0.TextStylePolicy = $1
		$1.inheritsSet = null
		$1.scope = text/x-csharp
		$0.CSharpFormattingPolicy = $2
		$2.inheritsSet = Mono
		$2.inheritsScope = text/x-csharp
		$2.scope = text/x-csharp
		$0.TextStylePolicy = $3
		$3.FileWidth = 120
		$3.TabWidth = 4
		$3.EolMarker = Unix
		$3.inheritsSet = Mono
		$3.inheritsScope = text/plain
		$3.scope = text/plain
	EndGlobalSection

EndGlobal
